{
    "_readme": [
        "This file locks the dependencies of your project to a known state",
        "Read more about it at https://getcomposer.org/doc/01-basic-usage.md#installing-dependencies",
        "This file is @generated automatically"
    ],
    "content-hash": "7a7293202b9d5be841643edfe4342d4d",
    "packages": [
        {
            "name": "gz/utools",
            "version": "1.0",
            "dist": {
                "type": "path",
                "url": "C:/Users/Administrator/Desktop/utools",
                "reference": "4b4305d3f0abdbd47631679651a673956a7f0d81"
            },
            "type": "library",
            "autoload": {
                "psr-4": {
                    "Gz\\Utools\\": "src/"
                }
            },
            "license": [
                "MIT"
            ],
            "authors": [
                {
                    "name": "gaozhe",
                    "email": "851947523@qq.com"
                }
            ],
            "description": "常用工具类",
            "transport-options": {
                "relative": false
            }
        }
    ],
    "packages-dev": [],
    "aliases": [],
    "minimum-stability": "stable",
    "stability-flags": [],
    "prefer-stable": false,
    "prefer-lowest": false,
    "platform": [],
    "platform-dev": [],
    "plugin-api-version": "2.3.0"
}
